<?xml version="1.0" encoding="UTF-8"?>
<Scheme
   LastUpgradeVersion = "1200"
   version = "1.7">
   <BuildAction
      parallelizeBuildables = "YES"
      buildImplicitDependencies = "YES">
      <BuildActionEntries>
         <BuildActionEntry
            buildForTesting = "YES"
            buildForRunning = "YES"
            buildForProfiling = "YES"
            buildForArchiving = "YES"
            buildForAnalyzing = "YES">
            <BuildableReference
               BuildableIdentifier = "primary"
               BlueprintIdentifier = "AF98971A1ED2146B00D14D7D"
               BuildableName = "TheLight.app"
               BlueprintName = "TheLight2"
               ReferencedContainer = "container:TheLight2.xcodeproj">
            </BuildableReference>
         </BuildActionEntry>
         <BuildActionEntry
            buildForTesting = "NO"
            buildForRunning = "NO"
            buildForProfiling = "NO"
            buildForArchiving = "NO"
            buildForAnalyzing = "NO">
            <BuildableReference
               BuildableIdentifier = "primary"
               BlueprintIdentifier = "AF9897301ED2146B00D14D7D"
               BuildableName = "TheLight2Tests.xctest"
               BlueprintName = "TheLight2Tests"
               ReferencedContainer = "container:TheLight2.xcodeproj">
            </BuildableReference>
         </BuildActionEntry>
         <BuildActionEntry
            buildForTesting = "NO"
            buildForRunning = "NO"
            buildForProfiling = "NO"
            buildForArchiving = "NO"
            buildForAnalyzing = "NO">
            <BuildableReference
               BuildableIdentifier = "primary"
               BlueprintIdentifier = "AF98973B1ED2146B00D14D7D"
               BuildableName = "TheLight2UITests.xctest"
               BlueprintName = "TheLight2UITests"
               ReferencedContainer = "container:TheLight2.xcodeproj">
            </BuildableReference>
         </BuildActionEntry>
      </BuildActionEntries>
   </BuildAction>
   <TestAction
      buildConfiguration = "Debug"
      selectedDebuggerIdentifier = "Xcode.DebuggerFoundation.Debugger.LLDB"
      selectedLauncherIdentifier = "Xcode.DebuggerFoundation.Launcher.LLDB"
      shouldUseLaunchSchemeArgsEnv = "YES"
      enableAddressSanitizer = "YES">
      <Testables>
      </Testables>
   </TestAction>
   <LaunchAction
      buildConfiguration = "Debug"
      selectedDebuggerIdentifier = "Xcode.DebuggerFoundation.Debugger.LLDB"
      selectedLauncherIdentifier = "Xcode.DebuggerFoundation.Launcher.LLDB"
      launchStyle = "0"
      useCustomWorkingDirectory = "NO"
      ignoresPersistentStateOnLaunch = "NO"
      debugDocumentVersioning = "YES"
      debugServiceExtension = "internal"
      allowLocationSimulation = "YES"
      queueDebuggingEnabled = "No">
      <BuildableProductRunnable
         runnableDebuggingMode = "0">
         <BuildableReference
            BuildableIdentifier = "primary"
            BlueprintIdentifier = "AF98971A1ED2146B00D14D7D"
            BuildableName = "TheLight.app"
            BlueprintName = "TheLight2"
            ReferencedContainer = "container:TheLight2.xcodeproj">
         </BuildableReference>
      </BuildableProductRunnable>
      <CommandLineArguments>
         <CommandLineArgument
            argument = "-FIRDebugEnabled&#10;&#10;-FIRDebugEnabled&#10;&#10;-FIRDebugEnabled&#10;&#10;-FIRDebugEnabled"
            isEnabled = "YES">
         </CommandLineArgument>
         <CommandLineArgument
            argument = "-UITraitCollectionChangeLoggingEnabled YES"
            isEnabled = "YES">
         </CommandLineArgument>
      </CommandLineArguments>
      <EnvironmentVariables>
         <EnvironmentVariable
            key = "OS_ACTIVITY_MODE "
            value = "disable"
            isEnabled = "NO">
         </EnvironmentVariable>
         <EnvironmentVariable
            key = "DYLD_PRINT_STATISTICS"
            value = "1"
            isEnabled = "YES">
         </EnvironmentVariable>
      </EnvironmentVariables>
      <LocationScenarioReference
         identifier = "com.apple.dt.IDEFoundation.CurrentLocationScenarioIdentifier"
         referenceType = "1">
      </LocationScenarioReference>
   </LaunchAction>
   <ProfileAction
      buildConfiguration = "Release"
      shouldUseLaunchSchemeArgsEnv = "YES"
      savedToolIdentifier = ""
      useCustomWorkingDirectory = "NO"
      debugDocumentVersioning = "YES">
      <BuildableProductRunnable
         runnableDebuggingMode = "0">
         <BuildableReference
            BuildableIdentifier = "primary"
            BlueprintIdentifier = "AF98971A1ED2146B00D14D7D"
            BuildableName = "TheLight.app"
            BlueprintName = "TheLight2"
            ReferencedContainer = "container:TheLight2.xcodeproj">
         </BuildableReference>
      </BuildableProductRunnable>
   </ProfileAction>
   <AnalyzeAction
      buildConfiguration = "Debug">
   </AnalyzeAction>
   <ArchiveAction
      buildConfiguration = "Release"
      revealArchiveInOrganizer = "YES">
   </ArchiveAction>
</Scheme>
